
Microsoft Visual Studio Solution File, Format Version 12.00
# Visual Studio Version 16
VisualStudioVersion = 16.0.28803.352
MinimumVisualStudioVersion = 10.0.40219.1
Project("{9A19103F-16F7-4668-BE54-9A1E7A4F7556}") = "Ormico.DbPatchManager.CLI", "Ormico.DbPatchManager.CLI\Ormico.DbPatchManager.CLI.csproj", "{97E6E000-7E95-4067-BA10-8E9D188C211A}"
EndProject
Project("{9A19103F-16F7-4668-BE54-9A1E7A4F7556}") = "Ormico.DbPatchManager.Logic", "Ormico.DbPatchManager.Logic\Ormico.DbPatchManager.Logic.csproj", "{009D6D57-82CD-4617-A0B2-83F70D71E44E}"
EndProject
Project("{FAE04EC0-301F-11D3-BF4B-00C04F79EFBC}") = "Ormico.DbPatchManager.Logic.Tests", "Ormico.DbPatchManager.Logic.Tests\Ormico.DbPatchManager.Logic.Tests.csproj", "{59FD6996-4792-4F29-8F31-5873BC61F974}"
EndProject
Global
	GlobalSection(SolutionConfigurationPlatforms) = preSolution
		Debug|Any CPU = Debug|Any CPU
		Release|Any CPU = Release|Any CPU
	EndGlobalSection
	GlobalSection(ProjectConfigurationPlatforms) = postSolution
		{97E6E000-7E95-4067-BA10-8E9D188C211A}.Debug|Any CPU.ActiveCfg = Debug|Any CPU
		{97E6E000-7E95-4067-BA10-8E9D188C211A}.Debug|Any CPU.Build.0 = Debug|Any CPU
		{97E6E000-7E95-4067-BA10-8E9D188C211A}.Release|Any CPU.ActiveCfg = Release|Any CPU
		{97E6E000-7E95-4067-BA10-8E9D188C211A}.Release|Any CPU.Build.0 = Release|Any CPU
		{009D6D57-82CD-4617-A0B2-83F70D71E44E}.Debug|Any CPU.ActiveCfg = Debug|Any CPU
		{009D6D57-82CD-4617-A0B2-83F70D71E44E}.Debug|Any CPU.Build.0 = Debug|Any CPU
		{009D6D57-82CD-4617-A0B2-83F70D71E44E}.Release|Any CPU.ActiveCfg = Release|Any CPU
		{009D6D57-82CD-4617-A0B2-83F70D71E44E}.Release|Any CPU.Build.0 = Release|Any CPU
		{59FD6996-4792-4F29-8F31-5873BC61F974}.Debug|Any CPU.ActiveCfg = Debug|Any CPU
		{59FD6996-4792-4F29-8F31-5873BC61F974}.Debug|Any CPU.Build.0 = Debug|Any CPU
		{59FD6996-4792-4F29-8F31-5873BC61F974}.Release|Any CPU.ActiveCfg = Release|Any CPU
		{59FD6996-4792-4F29-8F31-5873BC61F974}.Release|Any CPU.Build.0 = Release|Any CPU
	EndGlobalSection
	GlobalSection(SolutionProperties) = preSolution
		HideSolutionNode = FALSE
	EndGlobalSection
	GlobalSection(ExtensibilityGlobals) = postSolution
		SolutionGuid = {D81E546F-8C14-4BB4-872F-512EA695B8B8}
	EndGlobalSection
EndGlobal
